// !$*UTF8*$!
{
	archiveVersion = 1;
	classes = {
	};
	objectVersion = 50;
	objects = {

/* Begin PBXBuildFile section */
		7B0C8CCF232BFC8800535088 /* AppDelegate.swift in Sources */ = {isa = PBXBuildFile; fileRef = 7B0C8CCE232BFC8800535088 /* AppDelegate.swift */; };
		7B0C8CD4232BFC8800535088 /* Main.storyboard in Resources */ = {isa = PBXBuildFile; fileRef = 7B0C8CD2232BFC8800535088 /* Main.storyboard */; };
		7B0C8CD6232BFC8900535088 /* Assets.xcassets in Resources */ = {isa = PBXBuildFile; fileRef = 7B0C8CD5232BFC8900535088 /* Assets.xcassets */; };
		7B0C8CD9232BFC8900535088 /* LaunchScreen.storyboard in Resources */ = {isa = PBXBuildFile; fileRef = 7B0C8CD7232BFC8900535088 /* LaunchScreen.storyboard */; };
		7B0C8CE1232BFCA000535088 /* MainViewController.swift in Sources */ = {isa = PBXBuildFile; fileRef = 7B0C8CE0232BFCA000535088 /* MainViewController.swift */; };
		7B0C8D27232C575900535088 /* photos.json in Resources */ = {isa = PBXBuildFile; fileRef = 7B0C8D26232C575800535088 /* photos.json */; };
/* End PBXBuildFile section */

/* Begin PBXFileReference section */
		7B0C8CCB232BFC8800535088 /* AdvancedCodable1.app */ = {isa = PBXFileReference; explicitFileType = wrapper.application; includeInIndex = 0; path = AdvancedCodable1.app; sourceTree = BUILT_PRODUCTS_DIR; };
		7B0C8CCE232BFC8800535088 /* AppDelegate.swift */ = {isa = PBXFileReference; lastKnownFileType = sourcecode.swift; path = AppDelegate.swift; sourceTree = "<group>"; };
		7B0C8CD3232BFC8800535088 /* Base */ = {isa = PBXFileReference; lastKnownFileType = file.storyboard; name = Base; path = Base.lproj/Main.storyboard; sourceTree = "<group>"; };
		7B0C8CD5232BFC8900535088 /* Assets.xcassets */ = {isa = PBXFileReference; lastKnownFileType = folder.assetcatalog; path = Assets.xcassets; sourceTree = "<group>"; };
		7B0C8CD8232BFC8900535088 /* Base */ = {isa = PBXFileReference; lastKnownFileType = file.storyboard; name = Base; path = Base.lproj/LaunchScreen.storyboard; sourceTree = "<group>"; };
		7B0C8CDA232BFC8900535088 /* Info.plist */ = {isa = PBXFileReference; lastKnownFileType = text.plist.xml; path = Info.plist; sourceTree = "<group>"; };
		7B0C8CE0232BFCA000535088 /* MainViewController.swift */ = {isa = PBXFileReference; lastKnownFileType = sourcecode.swift; path = MainViewController.swift; sourceTree = "<group>"; };
		7B0C8D26232C575800535088 /* photos.json */ = {isa = PBXFileReference; fileEncoding = 4; lastKnownFileType = text.json; path = photos.json; sourceTree = "<group>"; };
/* End PBXFileReference section */

/* Begin PBXFrameworksBuildPhase section */
		7B0C8CC8232BFC8800535088 /* Frameworks */ = {
			isa = PBXFrameworksBuildPhase;
			buildActionMask = 2147483647;
			files = (
			);
			runOnlyForDeploymentPostprocessing = 0;
		};
/* End PBXFrameworksBuildPhase section */

/* Begin PBXGroup section */
		7B0C8CC2232BFC8800535088 = {
			isa = PBXGroup;
			children = (
				7B0C8CCD232BFC8800535088 /* AdvancedCodable1 */,
				7B0C8CCC232BFC8800535088 /* Products */,
			);
			sourceTree = "<group>";
		};
		7B0C8CCC232BFC8800535088 /* Products */ = {
			isa = PBXGroup;
			children = (
				7B0C8CCB232BFC8800535088 /* AdvancedCodable1.app */,
			);
			name = Products;
			sourceTree = "<group>";
		};
		7B0C8CCD232BFC8800535088 /* AdvancedCodable1 */ = {
			isa = PBXGroup;
			children = (
				7B0C8D26232C575800535088 /* photos.json */,
				7B0C8CCE232BFC8800535088 /* AppDelegate.swift */,
				7B0C8CE0232BFCA000535088 /* MainViewController.swift */,
				7B0C8CD2232BFC8800535088 /* Main.storyboard */,
				7B0C8CD5232BFC8900535088 /* Assets.xcassets */,
				7B0C8CD7232BFC8900535088 /* LaunchScreen.storyboard */,
				7B0C8CDA232BFC8900535088 /* Info.plist */,
			);
			path = AdvancedCodable1;
			sourceTree = "<group>";
		};
/* End PBXGroup section */

/* Begin PBXNativeTarget section */
		7B0C8CCA232BFC8800535088 /* AdvancedCodable1 */ = {
			isa = PBXNativeTarget;
			buildConfigurationList = 7B0C8CDD232BFC8900535088 /* Build configuration list for PBXNativeTarget "AdvancedCodable1" */;
			buildPhases = (
				7B0C8CC7232BFC8800535088 /* Sources */,
				7B0C8CC8232BFC8800535088 /* Frameworks */,
				7B0C8CC9232BFC8800535088 /* Resources */,
			);
			buildRules = (
			);
			dependencies = (
			);
			name = AdvancedCodable1;
			productName = AdvancedCodable1;
			productReference = 7B0C8CCB232BFC8800535088 /* AdvancedCodable1.app */;
			productType = "com.apple.product-type.application";
		};
/* End PBXNativeTarget section */

/* Begin PBXProject section */
		7B0C8CC3232BFC8800535088 /* Project object */ = {
			isa = PBXProject;
			attributes = {
				LastSwiftUpdateCheck = 1030;
				LastUpgradeCheck = 1030;
				ORGANIZATIONNAME = "Ryan Rottmann";
				TargetAttributes = {
					7B0C8CCA232BFC8800535088 = {
						CreatedOnToolsVersion = 10.3;
					};
				};
			};
			buildConfigurationList = 7B0C8CC6232BFC8800535088 /* Build configuration list for PBXProject "AdvancedCodable1" */;
			compatibilityVersion = "Xcode 9.3";
			developmentRegion = en;
			hasScannedForEncodings = 0;
			knownRegions = (
				en,
				Base,
			);
			mainGroup = 7B0C8CC2232BFC8800535088;
			productRefGroup = 7B0C8CCC232BFC8800535088 /* Products */;
			projectDirPath = "";
			projectRoot = "";
			targets = (
				7B0C8CCA232BFC8800535088 /* AdvancedCodable1 */,
			);
		};
/* End PBXProject section */

/* Begin PBXResourcesBuildPhase section */
		7B0C8CC9232BFC8800535088 /* Resources */ = {
			isa = PBXResourcesBuildPhase;
			buildActionMask = 2147483647;
			files = (
				7B0C8D27232C575900535088 /* photos.json in Resources */,
				7B0C8CD9232BFC8900535088 /* LaunchScreen.storyboard in Resources */,
				7B0C8CD6232BFC8900535088 /* Assets.xcassets in Resources */,
				7B0C8CD4232BFC8800535088 /* Main.storyboard in Resources */,
			);
			runOnlyForDeploymentPostprocessing = 0;
		};
/* End PBXResourcesBuildPhase section */

/* Begin PBXSourcesBuildPhase section */
		7B0C8CC7232BFC8800535088 /* Sources */ = {
			isa = PBXSourcesBuildPhase;
			buildActionMask = 2147483647;
			files = (
				7B0C8CCF232BFC8800535088 /* AppDelegate.swift in Sources */,
				7B0C8CE1232BFCA000535088 /* MainViewController.swift in Sources */,
			);
			runOnlyForDeploymentPostprocessing = 0;
		};
/* End PBXSourcesBuildPhase section */

/* Begin PBXVariantGroup section */
		7B0C8CD2232BFC8800535088 /* Main.storyboard */ = {
			isa = PBXVariantGroup;
			children = (
				7B0C8CD3232BFC8800535088 /* Base */,
			);
			name = Main.storyboard;
			sourceTree = "<group>";
		};
		7B0C8CD7232BFC8900535088 /* LaunchScreen.storyboard */ = {
			isa = PBXVariantGroup;
			children = (
				7B0C8CD8232BFC8900535088 /* Base */,
			);
			name = LaunchScreen.storyboard;
			sourceTree = "<group>";
		};
/* End PBXVariantGroup section */

/* Begin XCBuildConfiguration section */
		7B0C8CDB232BFC8900535088 /* Debug */ = {
			isa = XCBuildConfiguration;
			buildSettings = {
				ALWAYS_SEARCH_USER_PATHS = NO;
				CLANG_ANALYZER_NONNULL = YES;
				CLANG_ANALYZER_NUMBER_OBJECT_CONVERSION = YES_AGGRESSIVE;
				CLANG_CXX_LANGUAGE_STANDARD = "gnu++14";
				CLANG_CXX_LIBRARY = "libc++";
				CLANG_ENABLE_MODULES = YES;
				CLANG_ENABLE_OBJC_ARC = YES;
				CLANG_ENABLE_OBJC_WEAK = YES;
				CLANG_WARN_BLOCK_CAPTURE_AUTORELEASING = YES;
				CLANG_WARN_BOOL_CONVERSION = YES;
				CLANG_WARN_COMMA = YES;
				CLANG_WARN_CONSTANT_CONVERSION = YES;
				CLANG_WARN_DEPRECATED_OBJC_IMPLEMENTATIONS = YES;
				CLANG_WARN_DIRECT_OBJC_ISA_USAGE = YES_ERROR;
				CLANG_WARN_DOCUMENTATION_COMMENTS = YES;
				CLANG_WARN_EMPTY_BODY = YES;
				CLANG_WARN_ENUM_CONVERSION = YES;
				CLANG_WARN_INFINITE_RECURSION = YES;
				CLANG_WARN_INT_CONVERSION = YES;
				CLANG_WARN_NON_LITERAL_NULL_CONVERSION = YES;
				CLANG_WARN_OBJC_IMPLICIT_RETAIN_SELF = YES;
				CLANG_WARN_OBJC_LITERAL_CONVERSION = YES;
				CLANG_WARN_OBJC_ROOT_CLASS = YES_ERROR;
				CLANG_WARN_RANGE_LOOP_ANALYSIS = YES;
				CLANG_WARN_STRICT_PROTOTYPES = YES;
				CLANG_WARN_SUSPICIOUS_MOVE = YES;
				CLANG_WARN_UNGUARDED_AVAILABILITY = YES_AGGRESSIVE;
				CLANG_WARN_UNREACHABLE_CODE = YES;
				CLANG_WARN__DUPLICATE_METHOD_MATCH = YES;
				CODE_SIGN_IDENTITY = "iPhone Developer";
				COPY_PHASE_STRIP = NO;
				DEBUG_INFORMATION_FORMAT = dwarf;
				ENABLE_STRICT_OBJC_MSGSEND = YES;
				ENABLE_TESTABILITY = YES;
				GCC_C_LANGUAGE_STANDARD = gnu11;
				GCC_DYNAMIC_NO_PIC = NO;
				GCC_NO_COMMON_BLOCKS = YES;
				GCC_OPTIMIZATION_LEVEL = 0;
				GCC_PREPROCESSOR_DEFINITIONS = (
					"DEBUG=1",
					"$(inherited)",
				);
				GCC_WARN_64_TO_32_BIT_CONVERSION = YES;
				GCC_WARN_ABOUT_RETURN_TYPE = YES_ERROR;
				GCC_WARN_UNDECLARED_SELECTOR = YES;
				GCC_WARN_UNINITIALIZED_AUTOS = YES_AGGRESSIVE;
				GCC_WARN_UNUSED_FUNCTION = YES;
				GCC_WARN_UNUSED_VARIABLE = YES;
				IPHONEOS_DEPLOYMENT_TARGET = 12.4;
				MTL_ENABLE_DEBUG_INFO = INCLUDE_SOURCE;
				MTL_FAST_MATH = YES;
				ONLY_ACTIVE_ARCH = YES;
				SDKROOT = iphoneos;
				SWIFT_ACTIVE_COMPILATION_CONDITIONS = DEBUG;
				SWIFT_OPTIMIZATION_LEVEL = "-Onone";
			};
			name = Debug;
		};
		7B0C8CDC232BFC8900535088 /* Release */ = {
			isa = XCBuildConfiguration;
			buildSettings = {
				ALWAYS_SEARCH_USER_PATHS = NO;
				CLANG_ANALYZER_NONNULL = YES;
				CLANG_ANALYZER_NUMBER_OBJECT_CONVERSION = YES_AGGRESSIVE;
				CLANG_CXX_LANGUAGE_STANDARD = "gnu++14";
				CLANG_CXX_LIBRARY = "libc++";
				CLANG_ENABLE_MODULES = YES;
				CLANG_ENABLE_OBJC_ARC = YES;
				CLANG_ENABLE_OBJC_WEAK = YES;
				CLANG_WARN_BLOCK_CAPTURE_AUTORELEASING = YES;
				CLANG_WARN_BOOL_CONVERSION = YES;
				CLANG_WARN_COMMA = YES;
				CLANG_WARN_CONSTANT_CONVERSION = YES;
				CLANG_WARN_DEPRECATED_OBJC_IMPLEMENTATIONS = YES;
				CLANG_WARN_DIRECT_OBJC_ISA_USAGE = YES_ERROR;
				CLANG_WARN_DOCUMENTATION_COMMENTS = YES;
				CLANG_WARN_EMPTY_BODY = YES;
				CLANG_WARN_ENUM_CONVERSION = YES;
				CLANG_WARN_INFINITE_RECURSION = YES;
				CLANG_WARN_INT_CONVERSION = YES;
				CLANG_WARN_NON_LITERAL_NULL_CONVERSION = YES;
				CLANG_WARN_OBJC_IMPLICIT_RETAIN_SELF = YES;
				CLANG_WARN_OBJC_LITERAL_CONVERSION = YES;
				CLANG_WARN_OBJC_ROOT_CLASS = YES_ERROR;
				CLANG_WARN_RANGE_LOOP_ANALYSIS = YES;
				CLANG_WARN_STRICT_PROTOTYPES = YES;
				CLANG_WARN_SUSPICIOUS_MOVE = YES;
				CLANG_WARN_UNGUARDED_AVAILABILITY = YES_AGGRESSIVE;
				CLANG_WARN_UNREACHABLE_CODE = YES;
				CLANG_WARN__DUPLICATE_METHOD_MATCH = YES;
				CODE_SIGN_IDENTITY = "iPhone Developer";
				COPY_PHASE_STRIP = NO;
				DEBUG_INFORMATION_FORMAT = "dwarf-with-dsym";
				ENABLE_NS_ASSERTIONS = NO;
				ENABLE_STRICT_OBJC_MSGSEND = YES;
				GCC_C_LANGUAGE_STANDARD = gnu11;
				GCC_NO_COMMON_BLOCKS = YES;
				GCC_WARN_64_TO_32_BIT_CONVERSION = YES;
				GCC_WARN_ABOUT_RETURN_TYPE = YES_ERROR;
				GCC_WARN_UNDECLARED_SELECTOR = YES;
				GCC_WARN_UNINITIALIZED_AUTOS = YES_AGGRESSIVE;
				GCC_WARN_UNUSED_FUNCTION = YES;
				GCC_WARN_UNUSED_VARIABLE = YES;
				IPHONEOS_DEPLOYMENT_TARGET = 12.4;
				MTL_ENABLE_DEBUG_INFO = NO;
				MTL_FAST_MATH = YES;
				SDKROOT = iphoneos;
				SWIFT_COMPILATION_MODE = wholemodule;
				SWIFT_OPTIMIZATION_LEVEL = "-O";
				VALIDATE_PRODUCT = YES;
			};
			name = Release;
		};
		7B0C8CDE232BFC8900535088 /* Debug */ = {
			isa = XCBuildConfiguration;
			buildSettings = {
				ASSETCATALOG_COMPILER_APPICON_NAME = AppIcon;
				CODE_SIGN_STYLE = Automatic;
				DEVELOPMENT_TEAM = L3365JFMNQ;
				INFOPLIST_FILE = AdvancedCodable1/Info.plist;
				LD_RUNPATH_SEARCH_PATHS = (
					"$(inherited)",
					"@executable_path/Frameworks",
				);
				PRODUCT_BUNDLE_IDENTIFIER = edu.missouri.AdvancedCodable1;
				PRODUCT_NAME = "$(TARGET_NAME)";
				SWIFT_VERSION = 5.0;
				TARGETED_DEVICE_FAMILY = "1,2";
			};
			name = Debug;
		};
		7B0C8CDF232BFC8900535088 /* Release */ = {
			isa = XCBuildConfiguration;
			buildSettings = {
				ASSETCATALOG_COMPILER_APPICON_NAME = AppIcon;
				CODE_SIGN_STYLE = Automatic;
				DEVELOPMENT_TEAM = L3365JFMNQ;
				INFOPLIST_FILE = AdvancedCodable1/Info.plist;
				LD_RUNPATH_SEARCH_PATHS = (
					"$(inherited)",
					"@executable_path/Frameworks",
				);
				PRODUCT_BUNDLE_IDENTIFIER = edu.missouri.AdvancedCodable1;
				PRODUCT_NAME = "$(TARGET_NAME)";
				SWIFT_VERSION = 5.0;
				TARGETED_DEVICE_FAMILY = "1,2";
			};
			name = Release;
		};
/* End XCBuildConfiguration section */

/* Begin XCConfigurationList section */
		7B0C8CC6232BFC8800535088 /* Build configuration list for PBXProject "AdvancedCodable1" */ = {
			isa = XCConfigurationList;
			buildConfigurations = (
				7B0C8CDB232BFC8900535088 /* Debug */,
				7B0C8CDC232BFC8900535088 /* Release */,
			);
			defaultConfigurationIsVisible = 0;
			defaultConfigurationName = Release;
		};
		7B0C8CDD232BFC8900535088 /* Build configuration list for PBXNativeTarget "AdvancedCodable1" */ = {
			isa = XCConfigurationList;
			buildConfigurations = (
				7B0C8CDE232BFC8900535088 /* Debug */,
				7B0C8CDF232BFC8900535088 /* Release */,
			);
			defaultConfigurationIsVisible = 0;
			defaultConfigurationName = Release;
		};
/* End XCConfigurationList section */
	};
	rootObject = 7B0C8CC3232BFC8800535088 /* Project object */;
}
